
Microsoft Visual Studio Solution File, Format Version 12.00
# Visual Studio Version 16
VisualStudioVersion = 16.0.30114.105
MinimumVisualStudioVersion = 10.0.40219.1
Project("{9A19103F-16F7-4668-BE54-9A1E7A4F7556}") = "RoadMap", "RoadMap\RoadMap.csproj", "{F3D35E8F-9CCE-47F9-BB94-4043B5D9D433}"
EndProject
Project("{9A19103F-16F7-4668-BE54-9A1E7A4F7556}") = "HelloApp", "Basic_C_Sharp\HelloApp\HelloApp.csproj", "{7D0418DB-D124-4A69-B149-96B5B6BC2C78}"
EndProject
Project("{9A19103F-16F7-4668-BE54-9A1E7A4F7556}") = "HelloAppComments", "Basic_C_Sharp\HelloAppComments\HelloAppComments.csproj", "{F3EE3C46-CF62-4A4B-8F38-04493DE555B0}"
EndProject
Project("{FAE04EC0-301F-11D3-BF4B-00C04F79EFBC}") = "HelloAppDetails", "Basic_C_Sharp\HelloAppDetails\HelloAppDetails.csproj", "{495AF25F-2731-4306-BBDD-EF7447CC3562}"
EndProject
Project("{FAE04EC0-301F-11D3-BF4B-00C04F79EFBC}") = "ConsoleRW", "Basic_C_Sharp\ConsoleRW\ConsoleRW.csproj", "{6F68F528-9466-437B-A9CC-0C9DFDF412C3}"
EndProject
Global
	GlobalSection(SolutionConfigurationPlatforms) = preSolution
		Debug|Any CPU = Debug|Any CPU
		Release|Any CPU = Release|Any CPU
	EndGlobalSection
	GlobalSection(ProjectConfigurationPlatforms) = postSolution
		{F3D35E8F-9CCE-47F9-BB94-4043B5D9D433}.Debug|Any CPU.ActiveCfg = Debug|Any CPU
		{F3D35E8F-9CCE-47F9-BB94-4043B5D9D433}.Debug|Any CPU.Build.0 = Debug|Any CPU
		{F3D35E8F-9CCE-47F9-BB94-4043B5D9D433}.Release|Any CPU.ActiveCfg = Release|Any CPU
		{F3D35E8F-9CCE-47F9-BB94-4043B5D9D433}.Release|Any CPU.Build.0 = Release|Any CPU
		{7D0418DB-D124-4A69-B149-96B5B6BC2C78}.Debug|Any CPU.ActiveCfg = Debug|Any CPU
		{7D0418DB-D124-4A69-B149-96B5B6BC2C78}.Debug|Any CPU.Build.0 = Debug|Any CPU
		{7D0418DB-D124-4A69-B149-96B5B6BC2C78}.Release|Any CPU.ActiveCfg = Release|Any CPU
		{7D0418DB-D124-4A69-B149-96B5B6BC2C78}.Release|Any CPU.Build.0 = Release|Any CPU
		{F3EE3C46-CF62-4A4B-8F38-04493DE555B0}.Debug|Any CPU.ActiveCfg = Debug|Any CPU
		{F3EE3C46-CF62-4A4B-8F38-04493DE555B0}.Debug|Any CPU.Build.0 = Debug|Any CPU
		{F3EE3C46-CF62-4A4B-8F38-04493DE555B0}.Release|Any CPU.ActiveCfg = Release|Any CPU
		{F3EE3C46-CF62-4A4B-8F38-04493DE555B0}.Release|Any CPU.Build.0 = Release|Any CPU
		{7D0418DB-D124-4A69-B149-96B5B6BC2C78}.Debug|Any CPU.ActiveCfg = Debug|Any CPU
		{7D0418DB-D124-4A69-B149-96B5B6BC2C78}.Debug|Any CPU.Build.0 = Debug|Any CPU
		{7D0418DB-D124-4A69-B149-96B5B6BC2C78}.Release|Any CPU.ActiveCfg = Release|Any CPU
		{7D0418DB-D124-4A69-B149-96B5B6BC2C78}.Release|Any CPU.Build.0 = Release|Any CPU
		{F3EE3C46-CF62-4A4B-8F38-04493DE555B0}.Debug|Any CPU.ActiveCfg = Debug|Any CPU
		{F3EE3C46-CF62-4A4B-8F38-04493DE555B0}.Debug|Any CPU.Build.0 = Debug|Any CPU
		{F3EE3C46-CF62-4A4B-8F38-04493DE555B0}.Release|Any CPU.ActiveCfg = Release|Any CPU
		{F3EE3C46-CF62-4A4B-8F38-04493DE555B0}.Release|Any CPU.Build.0 = Release|Any CPU
		{495AF25F-2731-4306-BBDD-EF7447CC3562}.Debug|Any CPU.ActiveCfg = Debug|Any CPU
		{495AF25F-2731-4306-BBDD-EF7447CC3562}.Debug|Any CPU.Build.0 = Debug|Any CPU
		{495AF25F-2731-4306-BBDD-EF7447CC3562}.Release|Any CPU.ActiveCfg = Release|Any CPU
		{495AF25F-2731-4306-BBDD-EF7447CC3562}.Release|Any CPU.Build.0 = Release|Any CPU
		{7D0418DB-D124-4A69-B149-96B5B6BC2C78}.Debug|Any CPU.ActiveCfg = Debug|Any CPU
		{7D0418DB-D124-4A69-B149-96B5B6BC2C78}.Debug|Any CPU.Build.0 = Debug|Any CPU
		{7D0418DB-D124-4A69-B149-96B5B6BC2C78}.Release|Any CPU.ActiveCfg = Release|Any CPU
		{7D0418DB-D124-4A69-B149-96B5B6BC2C78}.Release|Any CPU.Build.0 = Release|Any CPU
		{F3EE3C46-CF62-4A4B-8F38-04493DE555B0}.Debug|Any CPU.ActiveCfg = Debug|Any CPU
		{F3EE3C46-CF62-4A4B-8F38-04493DE555B0}.Debug|Any CPU.Build.0 = Debug|Any CPU
		{F3EE3C46-CF62-4A4B-8F38-04493DE555B0}.Release|Any CPU.ActiveCfg = Release|Any CPU
		{F3EE3C46-CF62-4A4B-8F38-04493DE555B0}.Release|Any CPU.Build.0 = Release|Any CPU
		{6F68F528-9466-437B-A9CC-0C9DFDF412C3}.Debug|Any CPU.ActiveCfg = Debug|Any CPU
		{6F68F528-9466-437B-A9CC-0C9DFDF412C3}.Debug|Any CPU.Build.0 = Debug|Any CPU
		{6F68F528-9466-437B-A9CC-0C9DFDF412C3}.Release|Any CPU.ActiveCfg = Release|Any CPU
		{6F68F528-9466-437B-A9CC-0C9DFDF412C3}.Release|Any CPU.Build.0 = Release|Any CPU
	EndGlobalSection
	GlobalSection(SolutionProperties) = preSolution
		HideSolutionNode = FALSE
	EndGlobalSection
	GlobalSection(ExtensibilityGlobals) = postSolution
		SolutionGuid = {39E9E114-7F46-43C5-BE9F-9FC0AC04E027}
	EndGlobalSection
EndGlobal
